
Microsoft Visual Studio Solution File, Format Version 12.00
# Visual Studio Version 16
VisualStudioVersion = 16.0.30503.244
MinimumVisualStudioVersion = 10.0.40219.1
Project("{9A19103F-16F7-4668-BE54-9A1E7A4F7556}") = "Endpointer.Authentication.API", "Endpointer.Authentication.API\Endpointer.Authentication.API.csproj", "{9980EAE8-9EFD-4DB5-8F34-62998F60D4EE}"
EndProject
Project("{2150E333-8FDC-42A3-9474-1A3956D46DE8}") = "Demos", "Demos", "{D3F32D9E-8A35-475A-9F88-E1B54F59D3B9}"
EndProject
Project("{9A19103F-16F7-4668-BE54-9A1E7A4F7556}") = "Endpointer.Authentication.Client", "Endpointer.Authentication.Client\Endpointer.Authentication.Client.csproj", "{3E1834A9-3980-49A8-BD2C-3E58EBD3B947}"
EndProject
Project("{9A19103F-16F7-4668-BE54-9A1E7A4F7556}") = "Endpointer.Authentication.Core", "Endpointer.Authentication.Core\Endpointer.Authentication.Core.csproj", "{8C110ECF-587F-40C0-B38C-D17B76BB8BBB}"
EndProject
Project("{9A19103F-16F7-4668-BE54-9A1E7A4F7556}") = "Endpointer.Core.Client", "Endpointer.Core.Client\Endpointer.Core.Client.csproj", "{B751812C-FE66-4241-9B94-E35A0955D8E4}"
EndProject
Project("{9A19103F-16F7-4668-BE54-9A1E7A4F7556}") = "Endpointer.Core", "Endpointer.Core\Endpointer.Core.csproj", "{89C29BFA-CD37-484D-B595-DBC49DE5EA5D}"
EndProject
Project("{9A19103F-16F7-4668-BE54-9A1E7A4F7556}") = "Endpointer.Demos.Web", "Demos\Endpointer.Authentication.Demos.Web\Endpointer.Demos.Web.csproj", "{C2225535-599B-44B5-942C-EDAC62F541F1}"
EndProject
Project("{9A19103F-16F7-4668-BE54-9A1E7A4F7556}") = "Endpointer.Authentication.Demos.WPF", "Demos\Endpointer.Authentication.Demos.WPF\Endpointer.Authentication.Demos.WPF.csproj", "{88D28638-D8E6-4AE7-8754-73DE6ABC5105}"
EndProject
Project("{9A19103F-16F7-4668-BE54-9A1E7A4F7556}") = "Endpointer.Core.API", "Endpointer.Core.API\Endpointer.Core.API.csproj", "{22658AA2-6C67-4F29-B58A-D019B1B73970}"
EndProject
Project("{FAE04EC0-301F-11D3-BF4B-00C04F79EFBC}") = "Endpointer.Accounts.API", "Endpointer.Accounts.API\Endpointer.Accounts.API.csproj", "{A12BD441-1BE6-47F4-9FA1-5352A1BCA1B7}"
EndProject
Project("{FAE04EC0-301F-11D3-BF4B-00C04F79EFBC}") = "Endpointer.Accounts.Core", "Endpointer.Accounts.Core\Endpointer.Accounts.Core.csproj", "{E27A7FC9-EAA6-4D2F-B2C5-BC9E7035BCF0}"
EndProject
Global
	GlobalSection(SolutionConfigurationPlatforms) = preSolution
		Debug|Any CPU = Debug|Any CPU
		Release|Any CPU = Release|Any CPU
	EndGlobalSection
	GlobalSection(ProjectConfigurationPlatforms) = postSolution
		{9980EAE8-9EFD-4DB5-8F34-62998F60D4EE}.Debug|Any CPU.ActiveCfg = Debug|Any CPU
		{9980EAE8-9EFD-4DB5-8F34-62998F60D4EE}.Debug|Any CPU.Build.0 = Debug|Any CPU
		{9980EAE8-9EFD-4DB5-8F34-62998F60D4EE}.Release|Any CPU.ActiveCfg = Release|Any CPU
		{9980EAE8-9EFD-4DB5-8F34-62998F60D4EE}.Release|Any CPU.Build.0 = Release|Any CPU
		{3E1834A9-3980-49A8-BD2C-3E58EBD3B947}.Debug|Any CPU.ActiveCfg = Debug|Any CPU
		{3E1834A9-3980-49A8-BD2C-3E58EBD3B947}.Debug|Any CPU.Build.0 = Debug|Any CPU
		{3E1834A9-3980-49A8-BD2C-3E58EBD3B947}.Release|Any CPU.ActiveCfg = Release|Any CPU
		{3E1834A9-3980-49A8-BD2C-3E58EBD3B947}.Release|Any CPU.Build.0 = Release|Any CPU
		{8C110ECF-587F-40C0-B38C-D17B76BB8BBB}.Debug|Any CPU.ActiveCfg = Debug|Any CPU
		{8C110ECF-587F-40C0-B38C-D17B76BB8BBB}.Debug|Any CPU.Build.0 = Debug|Any CPU
		{8C110ECF-587F-40C0-B38C-D17B76BB8BBB}.Release|Any CPU.ActiveCfg = Release|Any CPU
		{8C110ECF-587F-40C0-B38C-D17B76BB8BBB}.Release|Any CPU.Build.0 = Release|Any CPU
		{B751812C-FE66-4241-9B94-E35A0955D8E4}.Debug|Any CPU.ActiveCfg = Debug|Any CPU
		{B751812C-FE66-4241-9B94-E35A0955D8E4}.Debug|Any CPU.Build.0 = Debug|Any CPU
		{B751812C-FE66-4241-9B94-E35A0955D8E4}.Release|Any CPU.ActiveCfg = Release|Any CPU
		{B751812C-FE66-4241-9B94-E35A0955D8E4}.Release|Any CPU.Build.0 = Release|Any CPU
		{89C29BFA-CD37-484D-B595-DBC49DE5EA5D}.Debug|Any CPU.ActiveCfg = Debug|Any CPU
		{89C29BFA-CD37-484D-B595-DBC49DE5EA5D}.Debug|Any CPU.Build.0 = Debug|Any CPU
		{89C29BFA-CD37-484D-B595-DBC49DE5EA5D}.Release|Any CPU.ActiveCfg = Release|Any CPU
		{89C29BFA-CD37-484D-B595-DBC49DE5EA5D}.Release|Any CPU.Build.0 = Release|Any CPU
		{C2225535-599B-44B5-942C-EDAC62F541F1}.Debug|Any CPU.ActiveCfg = Debug|Any CPU
		{C2225535-599B-44B5-942C-EDAC62F541F1}.Debug|Any CPU.Build.0 = Debug|Any CPU
		{C2225535-599B-44B5-942C-EDAC62F541F1}.Release|Any CPU.ActiveCfg = Release|Any CPU
		{C2225535-599B-44B5-942C-EDAC62F541F1}.Release|Any CPU.Build.0 = Release|Any CPU
		{88D28638-D8E6-4AE7-8754-73DE6ABC5105}.Debug|Any CPU.ActiveCfg = Debug|Any CPU
		{88D28638-D8E6-4AE7-8754-73DE6ABC5105}.Debug|Any CPU.Build.0 = Debug|Any CPU
		{88D28638-D8E6-4AE7-8754-73DE6ABC5105}.Release|Any CPU.ActiveCfg = Release|Any CPU
		{88D28638-D8E6-4AE7-8754-73DE6ABC5105}.Release|Any CPU.Build.0 = Release|Any CPU
		{22658AA2-6C67-4F29-B58A-D019B1B73970}.Debug|Any CPU.ActiveCfg = Debug|Any CPU
		{22658AA2-6C67-4F29-B58A-D019B1B73970}.Debug|Any CPU.Build.0 = Debug|Any CPU
		{22658AA2-6C67-4F29-B58A-D019B1B73970}.Release|Any CPU.ActiveCfg = Release|Any CPU
		{22658AA2-6C67-4F29-B58A-D019B1B73970}.Release|Any CPU.Build.0 = Release|Any CPU
		{A12BD441-1BE6-47F4-9FA1-5352A1BCA1B7}.Debug|Any CPU.ActiveCfg = Debug|Any CPU
		{A12BD441-1BE6-47F4-9FA1-5352A1BCA1B7}.Debug|Any CPU.Build.0 = Debug|Any CPU
		{A12BD441-1BE6-47F4-9FA1-5352A1BCA1B7}.Release|Any CPU.ActiveCfg = Release|Any CPU
		{A12BD441-1BE6-47F4-9FA1-5352A1BCA1B7}.Release|Any CPU.Build.0 = Release|Any CPU
		{E27A7FC9-EAA6-4D2F-B2C5-BC9E7035BCF0}.Debug|Any CPU.ActiveCfg = Debug|Any CPU
		{E27A7FC9-EAA6-4D2F-B2C5-BC9E7035BCF0}.Debug|Any CPU.Build.0 = Debug|Any CPU
		{E27A7FC9-EAA6-4D2F-B2C5-BC9E7035BCF0}.Release|Any CPU.ActiveCfg = Release|Any CPU
		{E27A7FC9-EAA6-4D2F-B2C5-BC9E7035BCF0}.Release|Any CPU.Build.0 = Release|Any CPU
	EndGlobalSection
	GlobalSection(SolutionProperties) = preSolution
		HideSolutionNode = FALSE
	EndGlobalSection
	GlobalSection(NestedProjects) = preSolution
		{C2225535-599B-44B5-942C-EDAC62F541F1} = {D3F32D9E-8A35-475A-9F88-E1B54F59D3B9}
		{88D28638-D8E6-4AE7-8754-73DE6ABC5105} = {D3F32D9E-8A35-475A-9F88-E1B54F59D3B9}
	EndGlobalSection
	GlobalSection(ExtensibilityGlobals) = postSolution
		SolutionGuid = {22080EC3-FAA9-448A-B298-F86B819E92D0}
	EndGlobalSection
EndGlobal
